# This file is autogenerated, do not edit; changes may be undone by the next 'dep ensure'.


[[projects]]
  digest = "1:ffcd21c81dfcfe0f374b6e28326e4297dd3e30100759f46b370de365a9933e62"
  name = "github.com/distatus/battery"
  packages = ["."]
  pruneopts = "UT"
  revision = "aa540e5be8de3bd83449b7a099341109e9ac1153"
  version = "v0.10.0"

[[projects]]
  branch = "master"
  digest = "1:62c57507df491b657e9ae2645f30958d9964c8eeb380600469eedc951ebb3a0e"
  name = "github.com/golang/freetype"
  packages = [
    "raster",
    "truetype",
  ]
  pruneopts = "UT"
  revision = "e2365dfdc4a05e4b8299a783240d4a7d5a65d4e4"

[[projects]]
  branch = "master"
  digest = "1:0ad759ecf5d560860c4efc878f898c313d033ad75dfe409b98e2f7f12cc4be1a"
  name = "github.com/mattn/go-gtk"
  packages = [
    "gdk",
    "gdkpixbuf",
    "gio",
    "glib",
    "gtk",
    "pango",
  ]
  pruneopts = "UT"
  revision = "af2e013261f57706ec683a61f85e8759a3faf6be"

[[projects]]
  branch = "master"
  digest = "1:f286c793d65ab693835856cdbde5f3d320bc3ab6ce9465ca9aba0e6565189cc0"
  name = "github.com/mattn/go-pointer"
  packages = ["."]
  pruneopts = "UT"
  revision = "a0a44394634f41e4992b173b24f14fecd3318a67"

[[projects]]
  branch = "master"
  digest = "1:972571c8fe219c995c97d8873c289a456bb0565a4397f9a45cfe05cff8c21248"
  name = "golang.org/x/image"
  packages = [
    "font",
    "font/gofont/gobold",
    "math/fixed",
  ]
  pruneopts = "UT"
  revision = "9130b4cfad522142c86367afe5e34ce811a85a4b"

[[projects]]
  branch = "master"
  digest = "1:c8faf148023f13e62a93d3ed6c01fc586b3c6b52a40c5c9b0f2220bae71f390a"
  name = "golang.org/x/sys"
  packages = [
    "unix",
    "windows",
  ]
  pruneopts = "UT"
  revision = "548cf772de5052aa878ccb47cdeb7d262b75c8ec"

[[projects]]
  branch = "master"
  digest = "1:c10265d5a71326618d37e97169eddb3582f78e8ac7dcf87403b4cf619efd519a"
  name = "howett.net/plist"
  packages = ["."]
  pruneopts = "UT"
  revision = "591f970eefbbeb04d7b37f334a0c4c3256e32876"

[solve-meta]
  analyzer-name = "dep"
  analyzer-version = 1
  input-imports = [
    "github.com/distatus/battery",
    "github.com/golang/freetype/truetype",
    "github.com/mattn/go-gtk/gtk",
    "golang.org/x/image/font",
    "golang.org/x/image/font/gofont/gobold",
    "golang.org/x/image/math/fixed",
  ]
  solver-name = "gps-cdcl"
  solver-version = 1
